
Microsoft Visual Studio Solution File, Format Version 12.00
# Visual Studio Version 17
VisualStudioVersion = 17.2.32526.322
MinimumVisualStudioVersion = 10.0.40219.1
Project("{9A19103F-16F7-4668-BE54-9A1E7A4F7556}") = "Cast.NET.Tests", "Cast.NET.Tests\Cast.NET.Tests.csproj", "{6DD98248-C7BB-496D-9F6F-009BADECC933}"
EndProject
Project("{9A19103F-16F7-4668-BE54-9A1E7A4F7556}") = "Cast.NET", "..\src\Cast.NET\Cast.NET.csproj", "{3245EEAF-BBA1-4D21-A21B-D7E85C69F110}"
EndProject
Global
	GlobalSection(SolutionConfigurationPlatforms) = preSolution
		Debug|Any CPU = Debug|Any CPU
		Release|Any CPU = Release|Any CPU
	EndGlobalSection
	GlobalSection(ProjectConfigurationPlatforms) = postSolution
		{6DD98248-C7BB-496D-9F6F-009BADECC933}.Debug|Any CPU.ActiveCfg = Debug|Any CPU
		{6DD98248-C7BB-496D-9F6F-009BADECC933}.Debug|Any CPU.Build.0 = Debug|Any CPU
		{6DD98248-C7BB-496D-9F6F-009BADECC933}.Release|Any CPU.ActiveCfg = Release|Any CPU
		{6DD98248-C7BB-496D-9F6F-009BADECC933}.Release|Any CPU.Build.0 = Release|Any CPU
		{3245EEAF-BBA1-4D21-A21B-D7E85C69F110}.Debug|Any CPU.ActiveCfg = Debug|Any CPU
		{3245EEAF-BBA1-4D21-A21B-D7E85C69F110}.Debug|Any CPU.Build.0 = Debug|Any CPU
		{3245EEAF-BBA1-4D21-A21B-D7E85C69F110}.Release|Any CPU.ActiveCfg = Release|Any CPU
		{3245EEAF-BBA1-4D21-A21B-D7E85C69F110}.Release|Any CPU.Build.0 = Release|Any CPU
	EndGlobalSection
	GlobalSection(SolutionProperties) = preSolution
		HideSolutionNode = FALSE
	EndGlobalSection
	GlobalSection(ExtensibilityGlobals) = postSolution
		SolutionGuid = {9B331D76-8DBD-428D-A50F-866CA5AF2CB3}
	EndGlobalSection
EndGlobal
